PODS:
  - Alamofire (4.7.3)
  - Nimble (7.3.1)
  - Quick (1.3.2)
  - SwiftLint (0.27.0)
  - ThinCloud (0.3.0):
    - Alamofire (~> 4.7.3)

DEPENDENCIES:
  - Nimble (~> 7.3.1)
  - Quick (~> 1.3.2)
  - SwiftLint
  - ThinCloud (from `../`)

SPEC REPOS:
  https://github.com/cocoapods/specs.git:
    - Alamofire
    - Nimble
    - Quick
    - SwiftLint

EXTERNAL SOURCES:
  ThinCloud:
    :path: "../"

SPEC CHECKSUMS:
  Alamofire: c7287b6e5d7da964a70935e5db17046b7fde6568
  Nimble: 04f732da099ea4d153122aec8c2a88fd0c7219ae
  Quick: 2623cb30d7a7f41ca62f684f679586558f483d46
  SwiftLint: 3207c1faa2240bf8973b191820a116113cd11073
  ThinCloud: 58a6534a80555dc4c933d75fd5457b01ef6a29fc

PODFILE CHECKSUM: b874686477664a4c597fe7569fdaa168f13747b2

COCOAPODS: 1.5.3
