PODS:
  - Alamofire (4.7.1)
  - Nimble (7.0.3)
  - Quick (1.2.0)
  - SwiftLint (0.25.0)
  - ThinCloud (0.1.0):
    - Alamofire (~> 4.7.1)

DEPENDENCIES:
  - Nimble (~> 7.0.2)
  - Quick (~> 1.2.0)
  - SwiftLint
  - ThinCloud (from `../`)

EXTERNAL SOURCES:
  ThinCloud:
    :path: ../

SPEC CHECKSUMS:
  Alamofire: 68d7d521118d49c615a8d2214d87cdf525599d30
  Nimble: 7f5a9c447a33002645a071bddafbfb24ea70e0ac
  Quick: 58d203b1c5e27fff7229c4c1ae445ad7069a7a08
  SwiftLint: e14651157288e9e01d6e1a71db7014fb5744a8ea
  ThinCloud: fcee631e58e3d4b01610a14cf84c86d6c6dba54e

PODFILE CHECKSUM: b3d9b5ae1475d71668a82ad4a14dc198c52be2e7

COCOAPODS: 1.4.0
